
Microsoft Visual Studio Solution File, Format Version 12.00
# Visual Studio Version 17
VisualStudioVersion = 17.14.36603.0 d17.14
MinimumVisualStudioVersion = 10.0.40219.1
Project("{FAE04EC0-301F-11D3-BF4B-00C04F79EFBC}") = "TextBasedCardGame", "TextBasedCardGame\TextBasedCardGame.csproj", "{7F9E6C78-105C-4163-A190-7E8819B07E90}"
EndProject
Global
	GlobalSection(SolutionConfigurationPlatforms) = preSolution
		Debug|Any CPU = Debug|Any CPU
		Release|Any CPU = Release|Any CPU
	EndGlobalSection
	GlobalSection(ProjectConfigurationPlatforms) = postSolution
		{7F9E6C78-105C-4163-A190-7E8819B07E90}.Debug|Any CPU.ActiveCfg = Debug|Any CPU
		{7F9E6C78-105C-4163-A190-7E8819B07E90}.Debug|Any CPU.Build.0 = Debug|Any CPU
		{7F9E6C78-105C-4163-A190-7E8819B07E90}.Release|Any CPU.ActiveCfg = Release|Any CPU
		{7F9E6C78-105C-4163-A190-7E8819B07E90}.Release|Any CPU.Build.0 = Release|Any CPU
	EndGlobalSection
	GlobalSection(SolutionProperties) = preSolution
		HideSolutionNode = FALSE
	EndGlobalSection
	GlobalSection(ExtensibilityGlobals) = postSolution
		SolutionGuid = {9F43189E-10B0-446B-A15A-E2A27FF8F37A}
	EndGlobalSection
EndGlobal
